
Microsoft Visual Studio Solution File, Format Version 12.00
# Visual Studio 14
VisualStudioVersion = 14.0.25420.1
MinimumVisualStudioVersion = 10.0.40219.1
Project("{FAE04EC0-301F-11D3-BF4B-00C04F79EFBC}") = "GenericAPIModule", "GenericAPIModule\GenericAPIModule.csproj", "{B139D581-2B40-4E81-BEA1-50C339CE1CA9}"
EndProject
Project("{FAE04EC0-301F-11D3-BF4B-00C04F79EFBC}") = "BookStoreAPI", "BookStoreAPI\BookStoreAPI.csproj", "{CF28D113-E334-42C3-AA34-5D5BB8B6F62F}"
EndProject
Global
	GlobalSection(SolutionConfigurationPlatforms) = preSolution
		Debug|Any CPU = Debug|Any CPU
		Release|Any CPU = Release|Any CPU
	EndGlobalSection
	GlobalSection(ProjectConfigurationPlatforms) = postSolution
		{B139D581-2B40-4E81-BEA1-50C339CE1CA9}.Debug|Any CPU.ActiveCfg = Debug|Any CPU
		{B139D581-2B40-4E81-BEA1-50C339CE1CA9}.Debug|Any CPU.Build.0 = Debug|Any CPU
		{B139D581-2B40-4E81-BEA1-50C339CE1CA9}.Release|Any CPU.ActiveCfg = Release|Any CPU
		{B139D581-2B40-4E81-BEA1-50C339CE1CA9}.Release|Any CPU.Build.0 = Release|Any CPU
		{CF28D113-E334-42C3-AA34-5D5BB8B6F62F}.Debug|Any CPU.ActiveCfg = Debug|Any CPU
		{CF28D113-E334-42C3-AA34-5D5BB8B6F62F}.Debug|Any CPU.Build.0 = Debug|Any CPU
		{CF28D113-E334-42C3-AA34-5D5BB8B6F62F}.Release|Any CPU.ActiveCfg = Release|Any CPU
		{CF28D113-E334-42C3-AA34-5D5BB8B6F62F}.Release|Any CPU.Build.0 = Release|Any CPU
	EndGlobalSection
	GlobalSection(SolutionProperties) = preSolution
		HideSolutionNode = FALSE
	EndGlobalSection
EndGlobal
